{
  "originHash" : "1bca839ad3140ba7db6f0fceca4f835a4c60fd44d38df51b5e44e6b83955650c",
  "pins" : [
    {
      "identity" : "beautiful-mermaid-swift",
      "kind" : "remoteSourceControl",
      "location" : "https://github.com/lukilabs/beautiful-mermaid-swift.git",
      "state" : {
        "revision" : "c6a63655285c5e479d6641c774acb0a8739f8ad7",
        "version" : "0.1.1"
      }
    },
    {
      "identity" : "dagre-swift",
      "kind" : "remoteSourceControl",
      "location" : "https://github.com/lukilabs/dagre-swift",
      "state" : {
        "revision" : "92efb78b73a8b665ee74bacfb0f1f5b17bbe1b38",
        "version" : "0.1.0"
      }
    },
    {
      "identity" : "swiftmath",
      "kind" : "remoteSourceControl",
      "location" : "https://github.com/mgriebling/SwiftMath.git",
      "state" : {
        "revision" : "fa8244ed032f4a1ade4cb0571bf87d2f1a9fd2d7",
        "version" : "1.7.3"
      }
    }
  ],
  "version" : 3
}
